PODS:
  - DeepLinkKit (1.2.1)
  - Expecta (1.0.5)
  - KIF (3.5.1):
    - KIF/Core (= 3.5.1)
  - KIF/Core (3.5.1)
  - OCMock (3.4)
  - Specta (1.0.5)

DEPENDENCIES:
  - DeepLinkKit (from `.`)
  - Expecta
  - KIF
  - OCMock
  - Specta

EXTERNAL SOURCES:
  DeepLinkKit:
    :path: .

SPEC CHECKSUMS:
  DeepLinkKit: 4c3a713b7ecc6c6e25ba56c87d0c728f6035a9ef
  Expecta: e1c022fcd33910b6be89c291d2775b3fe27a89fe
  KIF: 082eb65279e51c3092923802849eb796a04982ab
  OCMock: 35ae71d6a8fcc1b59434d561d1520b9dd4f15765
  Specta: ac94d110b865115fe60ff2c6d7281053c6f8e8a2

PODFILE CHECKSUM: f856d9093736cda8b86782d4d84899602663e1c5

COCOAPODS: 1.1.1
