PODS:
  - DeepLinkKit (1.5.0)
  - Expecta (1.0.6)
  - KIF (3.6.0):
    - KIF/Core (= 3.6.0)
  - KIF/Core (3.6.0)
  - OCMock (3.4)
  - Specta (1.0.7)

DEPENDENCIES:
  - DeepLinkKit (from `.`)
  - Expecta
  - KIF
  - OCMock
  - Specta

EXTERNAL SOURCES:
  DeepLinkKit:
    :path: "."

SPEC CHECKSUMS:
  DeepLinkKit: 98a26f2c5cf4c86b97c1170cdf3737ae49a3a50c
  Expecta: 3b6bd90a64b9a1dcb0b70aa0e10a7f8f631667d5
  KIF: bd770edd8ce49bc7308501e4871e58a02d137be3
  OCMock: 35ae71d6a8fcc1b59434d561d1520b9dd4f15765
  Specta: 3e1bd89c3517421982dc4d1c992503e48bd5fe66

PODFILE CHECKSUM: c390f027c860b497aa35e691b8e585f706ac36a5

COCOAPODS: 1.2.1
